
Microsoft Visual Studio Solution File, Format Version 12.00
# Visual Studio Version 16
VisualStudioVersion = 16.0.31829.152
MinimumVisualStudioVersion = 10.0.40219.1
Project("{FAE04EC0-301F-11D3-BF4B-00C04F79EFBC}") = "Lab14", "Lab14\Lab14.csproj", "{80FF54D5-B7F1-4569-A2FF-7AE6FB889DCA}"
EndProject
Global
	GlobalSection(SolutionConfigurationPlatforms) = preSolution
		Debug|Any CPU = Debug|Any CPU
		Release|Any CPU = Release|Any CPU
	EndGlobalSection
	GlobalSection(ProjectConfigurationPlatforms) = postSolution
		{80FF54D5-B7F1-4569-A2FF-7AE6FB889DCA}.Debug|Any CPU.ActiveCfg = Debug|Any CPU
		{80FF54D5-B7F1-4569-A2FF-7AE6FB889DCA}.Debug|Any CPU.Build.0 = Debug|Any CPU
		{80FF54D5-B7F1-4569-A2FF-7AE6FB889DCA}.Release|Any CPU.ActiveCfg = Release|Any CPU
		{80FF54D5-B7F1-4569-A2FF-7AE6FB889DCA}.Release|Any CPU.Build.0 = Release|Any CPU
	EndGlobalSection
	GlobalSection(SolutionProperties) = preSolution
		HideSolutionNode = FALSE
	EndGlobalSection
	GlobalSection(ExtensibilityGlobals) = postSolution
		SolutionGuid = {B67E2E43-9BD4-4984-8445-1748D62FFB48}
	EndGlobalSection
EndGlobal
